
Microsoft Visual Studio Solution File, Format Version 12.00
# Visual Studio 14
VisualStudioVersion = 14.0.23107.0
MinimumVisualStudioVersion = 10.0.40219.1
Project("{8BC9CEB8-8B4A-11D0-8D11-00A0C91BC942}") = "bakpdb", "bakpdb\bakpdb.vcxproj", "{4CD593C2-31FB-4037-B0E7-FAF3FEE4268F}"
EndProject
Project("{8BC9CEB8-8B4A-11D0-8D11-00A0C91BC942}") = "markdown", "markdown\markdown.vcxproj", "{C15F4F82-499F-412C-B70F-33FD4F719D0E}"
EndProject
Project("{8BC9CEB8-8B4A-11D0-8D11-00A0C91BC942}") = "ioctlfuzz", "ioctlfuzz\ioctlfuzz.vcxproj", "{5117EB1B-FFC6-43C0-98FE-A57C861D5BA0}"
EndProject
Project("{8BC9CEB8-8B4A-11D0-8D11-00A0C91BC942}") = "test", "test\test.vcxproj", "{A56C0D61-8227-4966-8A97-EA14A6ECBFE2}"
EndProject
Global
	GlobalSection(SolutionConfigurationPlatforms) = preSolution
		Debug|x64 = Debug|x64
		Debug|x86 = Debug|x86
		Release|x64 = Release|x64
		Release|x86 = Release|x86
	EndGlobalSection
	GlobalSection(ProjectConfigurationPlatforms) = postSolution
		{4CD593C2-31FB-4037-B0E7-FAF3FEE4268F}.Debug|x64.ActiveCfg = Debug|x64
		{4CD593C2-31FB-4037-B0E7-FAF3FEE4268F}.Debug|x64.Build.0 = Debug|x64
		{4CD593C2-31FB-4037-B0E7-FAF3FEE4268F}.Debug|x86.ActiveCfg = Debug|Win32
		{4CD593C2-31FB-4037-B0E7-FAF3FEE4268F}.Debug|x86.Build.0 = Debug|Win32
		{4CD593C2-31FB-4037-B0E7-FAF3FEE4268F}.Release|x64.ActiveCfg = Release|x64
		{4CD593C2-31FB-4037-B0E7-FAF3FEE4268F}.Release|x64.Build.0 = Release|x64
		{4CD593C2-31FB-4037-B0E7-FAF3FEE4268F}.Release|x86.ActiveCfg = Release|Win32
		{4CD593C2-31FB-4037-B0E7-FAF3FEE4268F}.Release|x86.Build.0 = Release|Win32
		{C15F4F82-499F-412C-B70F-33FD4F719D0E}.Debug|x64.ActiveCfg = Debug|x64
		{C15F4F82-499F-412C-B70F-33FD4F719D0E}.Debug|x64.Build.0 = Debug|x64
		{C15F4F82-499F-412C-B70F-33FD4F719D0E}.Debug|x86.ActiveCfg = Debug|Win32
		{C15F4F82-499F-412C-B70F-33FD4F719D0E}.Debug|x86.Build.0 = Debug|Win32
		{C15F4F82-499F-412C-B70F-33FD4F719D0E}.Release|x64.ActiveCfg = Release|x64
		{C15F4F82-499F-412C-B70F-33FD4F719D0E}.Release|x64.Build.0 = Release|x64
		{C15F4F82-499F-412C-B70F-33FD4F719D0E}.Release|x86.ActiveCfg = Release|Win32
		{C15F4F82-499F-412C-B70F-33FD4F719D0E}.Release|x86.Build.0 = Release|Win32
		{5117EB1B-FFC6-43C0-98FE-A57C861D5BA0}.Debug|x64.ActiveCfg = Debug|x64
		{5117EB1B-FFC6-43C0-98FE-A57C861D5BA0}.Debug|x64.Build.0 = Debug|x64
		{5117EB1B-FFC6-43C0-98FE-A57C861D5BA0}.Debug|x86.ActiveCfg = Debug|Win32
		{5117EB1B-FFC6-43C0-98FE-A57C861D5BA0}.Debug|x86.Build.0 = Debug|Win32
		{5117EB1B-FFC6-43C0-98FE-A57C861D5BA0}.Release|x64.ActiveCfg = Release|x64
		{5117EB1B-FFC6-43C0-98FE-A57C861D5BA0}.Release|x64.Build.0 = Release|x64
		{5117EB1B-FFC6-43C0-98FE-A57C861D5BA0}.Release|x86.ActiveCfg = Release|Win32
		{5117EB1B-FFC6-43C0-98FE-A57C861D5BA0}.Release|x86.Build.0 = Release|Win32
		{A56C0D61-8227-4966-8A97-EA14A6ECBFE2}.Debug|x64.ActiveCfg = Debug|x64
		{A56C0D61-8227-4966-8A97-EA14A6ECBFE2}.Debug|x64.Build.0 = Debug|x64
		{A56C0D61-8227-4966-8A97-EA14A6ECBFE2}.Debug|x86.ActiveCfg = Debug|Win32
		{A56C0D61-8227-4966-8A97-EA14A6ECBFE2}.Debug|x86.Build.0 = Debug|Win32
		{A56C0D61-8227-4966-8A97-EA14A6ECBFE2}.Release|x64.ActiveCfg = Release|x64
		{A56C0D61-8227-4966-8A97-EA14A6ECBFE2}.Release|x64.Build.0 = Release|x64
		{A56C0D61-8227-4966-8A97-EA14A6ECBFE2}.Release|x86.ActiveCfg = Release|Win32
		{A56C0D61-8227-4966-8A97-EA14A6ECBFE2}.Release|x86.Build.0 = Release|Win32
	EndGlobalSection
	GlobalSection(SolutionProperties) = preSolution
		HideSolutionNode = FALSE
	EndGlobalSection
EndGlobal
