
Microsoft Visual Studio Solution File, Format Version 12.00
# Visual Studio 14
VisualStudioVersion = 14.0.25420.1
MinimumVisualStudioVersion = 10.0.40219.1
Project("{8BC9CEB8-8B4A-11D0-8D11-00A0C91BC942}") = "bakpdb", "project\bakpdb\bakpdb.vcxproj", "{4CD593C2-31FB-4037-B0E7-FAF3FEE4268F}"
EndProject
Project("{8BC9CEB8-8B4A-11D0-8D11-00A0C91BC942}") = "ctlcode", "project\ctlcode\ctlcode.vcxproj", "{311FDB78-0475-4929-A3D6-6DE2404AC45A}"
EndProject
Project("{8BC9CEB8-8B4A-11D0-8D11-00A0C91BC942}") = "ctlcodew", "project\ctlcodew\ctlcodew.vcxproj", "{4588A960-EAF6-4300-B879-057CA1A44A76}"
EndProject
Project("{8BC9CEB8-8B4A-11D0-8D11-00A0C91BC942}") = "ctlfuzz", "project\ctlfuzz\ctlfuzz.vcxproj", "{FD4ED929-3950-427E-A680-5938B3CA2F1F}"
EndProject
Project("{8BC9CEB8-8B4A-11D0-8D11-00A0C91BC942}") = "ctlscan", "project\ctlscan\ctlscan.vcxproj", "{41CC9E25-CB03-44CA-98B0-C3AD2E3618D9}"
EndProject
Project("{8BC9CEB8-8B4A-11D0-8D11-00A0C91BC942}") = "toolbox", "project\toolbox\toolbox.vcxproj", "{60CF47CC-E126-47CD-9B9E-220E9FC30BC0}"
EndProject
Project("{8BC9CEB8-8B4A-11D0-8D11-00A0C91BC942}") = "ini", "project\ini\ini.vcxproj", "{E301EDF9-8680-4B4A-A9D4-AC5CF359EAC8}"
EndProject
Project("{8BC9CEB8-8B4A-11D0-8D11-00A0C91BC942}") = "version", "project\version\version.vcxproj", "{F82C176A-BD6D-4F43-9946-6D5150A031DF}"
EndProject
Global
	GlobalSection(SolutionConfigurationPlatforms) = preSolution
		Debug|x64 = Debug|x64
		Debug|x86 = Debug|x86
		Release|x64 = Release|x64
		Release|x86 = Release|x86
	EndGlobalSection
	GlobalSection(ProjectConfigurationPlatforms) = postSolution
		{4CD593C2-31FB-4037-B0E7-FAF3FEE4268F}.Debug|x64.ActiveCfg = Release|Win32
		{4CD593C2-31FB-4037-B0E7-FAF3FEE4268F}.Debug|x64.Build.0 = Release|Win32
		{4CD593C2-31FB-4037-B0E7-FAF3FEE4268F}.Debug|x86.ActiveCfg = Release|Win32
		{4CD593C2-31FB-4037-B0E7-FAF3FEE4268F}.Debug|x86.Build.0 = Release|Win32
		{4CD593C2-31FB-4037-B0E7-FAF3FEE4268F}.Release|x64.ActiveCfg = Release|Win32
		{4CD593C2-31FB-4037-B0E7-FAF3FEE4268F}.Release|x86.ActiveCfg = Release|Win32
		{4CD593C2-31FB-4037-B0E7-FAF3FEE4268F}.Release|x86.Build.0 = Release|Win32
		{311FDB78-0475-4929-A3D6-6DE2404AC45A}.Debug|x64.ActiveCfg = Release|Win32
		{311FDB78-0475-4929-A3D6-6DE2404AC45A}.Debug|x64.Build.0 = Release|Win32
		{311FDB78-0475-4929-A3D6-6DE2404AC45A}.Debug|x86.ActiveCfg = Release|Win32
		{311FDB78-0475-4929-A3D6-6DE2404AC45A}.Debug|x86.Build.0 = Release|Win32
		{311FDB78-0475-4929-A3D6-6DE2404AC45A}.Release|x64.ActiveCfg = Release|Win32
		{311FDB78-0475-4929-A3D6-6DE2404AC45A}.Release|x86.ActiveCfg = Release|Win32
		{311FDB78-0475-4929-A3D6-6DE2404AC45A}.Release|x86.Build.0 = Release|Win32
		{4588A960-EAF6-4300-B879-057CA1A44A76}.Debug|x64.ActiveCfg = Release|Win32
		{4588A960-EAF6-4300-B879-057CA1A44A76}.Debug|x64.Build.0 = Release|Win32
		{4588A960-EAF6-4300-B879-057CA1A44A76}.Debug|x86.ActiveCfg = Release|Win32
		{4588A960-EAF6-4300-B879-057CA1A44A76}.Debug|x86.Build.0 = Release|Win32
		{4588A960-EAF6-4300-B879-057CA1A44A76}.Release|x64.ActiveCfg = Release|Win32
		{4588A960-EAF6-4300-B879-057CA1A44A76}.Release|x86.ActiveCfg = Release|Win32
		{4588A960-EAF6-4300-B879-057CA1A44A76}.Release|x86.Build.0 = Release|Win32
		{FD4ED929-3950-427E-A680-5938B3CA2F1F}.Debug|x64.ActiveCfg = Release|Win32
		{FD4ED929-3950-427E-A680-5938B3CA2F1F}.Debug|x64.Build.0 = Release|Win32
		{FD4ED929-3950-427E-A680-5938B3CA2F1F}.Debug|x86.ActiveCfg = Release|Win32
		{FD4ED929-3950-427E-A680-5938B3CA2F1F}.Debug|x86.Build.0 = Release|Win32
		{FD4ED929-3950-427E-A680-5938B3CA2F1F}.Release|x64.ActiveCfg = Release|Win32
		{FD4ED929-3950-427E-A680-5938B3CA2F1F}.Release|x86.ActiveCfg = Release|Win32
		{FD4ED929-3950-427E-A680-5938B3CA2F1F}.Release|x86.Build.0 = Release|Win32
		{41CC9E25-CB03-44CA-98B0-C3AD2E3618D9}.Debug|x64.ActiveCfg = Release|Win32
		{41CC9E25-CB03-44CA-98B0-C3AD2E3618D9}.Debug|x64.Build.0 = Release|Win32
		{41CC9E25-CB03-44CA-98B0-C3AD2E3618D9}.Debug|x86.ActiveCfg = Release|Win32
		{41CC9E25-CB03-44CA-98B0-C3AD2E3618D9}.Debug|x86.Build.0 = Release|Win32
		{41CC9E25-CB03-44CA-98B0-C3AD2E3618D9}.Release|x64.ActiveCfg = Release|Win32
		{41CC9E25-CB03-44CA-98B0-C3AD2E3618D9}.Release|x86.ActiveCfg = Release|Win32
		{41CC9E25-CB03-44CA-98B0-C3AD2E3618D9}.Release|x86.Build.0 = Release|Win32
		{60CF47CC-E126-47CD-9B9E-220E9FC30BC0}.Debug|x64.ActiveCfg = Release|Win32
		{60CF47CC-E126-47CD-9B9E-220E9FC30BC0}.Debug|x64.Build.0 = Release|Win32
		{60CF47CC-E126-47CD-9B9E-220E9FC30BC0}.Debug|x86.ActiveCfg = Release|Win32
		{60CF47CC-E126-47CD-9B9E-220E9FC30BC0}.Debug|x86.Build.0 = Release|Win32
		{60CF47CC-E126-47CD-9B9E-220E9FC30BC0}.Release|x64.ActiveCfg = Release|Win32
		{60CF47CC-E126-47CD-9B9E-220E9FC30BC0}.Release|x86.ActiveCfg = Release|Win32
		{60CF47CC-E126-47CD-9B9E-220E9FC30BC0}.Release|x86.Build.0 = Release|Win32
		{E301EDF9-8680-4B4A-A9D4-AC5CF359EAC8}.Debug|x64.ActiveCfg = Release|Win32
		{E301EDF9-8680-4B4A-A9D4-AC5CF359EAC8}.Debug|x64.Build.0 = Release|Win32
		{E301EDF9-8680-4B4A-A9D4-AC5CF359EAC8}.Debug|x86.ActiveCfg = Release|Win32
		{E301EDF9-8680-4B4A-A9D4-AC5CF359EAC8}.Debug|x86.Build.0 = Release|Win32
		{E301EDF9-8680-4B4A-A9D4-AC5CF359EAC8}.Release|x64.ActiveCfg = Release|Win32
		{E301EDF9-8680-4B4A-A9D4-AC5CF359EAC8}.Release|x86.ActiveCfg = Release|Win32
		{E301EDF9-8680-4B4A-A9D4-AC5CF359EAC8}.Release|x86.Build.0 = Release|Win32
		{F82C176A-BD6D-4F43-9946-6D5150A031DF}.Debug|x64.ActiveCfg = Release|Win32
		{F82C176A-BD6D-4F43-9946-6D5150A031DF}.Debug|x64.Build.0 = Release|Win32
		{F82C176A-BD6D-4F43-9946-6D5150A031DF}.Debug|x86.ActiveCfg = Release|Win32
		{F82C176A-BD6D-4F43-9946-6D5150A031DF}.Debug|x86.Build.0 = Release|Win32
		{F82C176A-BD6D-4F43-9946-6D5150A031DF}.Release|x64.ActiveCfg = Release|Win32
		{F82C176A-BD6D-4F43-9946-6D5150A031DF}.Release|x86.ActiveCfg = Release|Win32
		{F82C176A-BD6D-4F43-9946-6D5150A031DF}.Release|x86.Build.0 = Release|Win32
	EndGlobalSection
	GlobalSection(SolutionProperties) = preSolution
		HideSolutionNode = FALSE
	EndGlobalSection
EndGlobal
