<?xml version="1.0" encoding="utf-8"?>
<Project ToolsVersion="4.0" xmlns="http://schemas.microsoft.com/developer/msbuild/2003">
  <ItemGroup>
    <Filter Include="源文件">
      <UniqueIdentifier>{4FC737F1-C7A5-4376-A066-2A32D752A2FF}</UniqueIdentifier>
      <Extensions>cpp;c;cc;cxx;def;odl;idl;hpj;bat;asm;asmx</Extensions>
    </Filter>
    <Filter Include="头文件">
      <UniqueIdentifier>{93995380-89BD-4b04-88EB-625FBE52EBFB}</UniqueIdentifier>
      <Extensions>h;hh;hpp;hxx;hm;inl;inc;xsd</Extensions>
    </Filter>
    <Filter Include="资源文件">
      <UniqueIdentifier>{67DA6AB6-F800-4c08-8B7A-83BB121AAD01}</UniqueIdentifier>
      <Extensions>rc;ico;cur;bmp;dlg;rc2;rct;bin;rgs;gif;jpg;jpeg;jpe;resx;tiff;tif;png;wav;mfcribbon-ms</Extensions>
    </Filter>
  </ItemGroup>
  <ItemGroup>
    <ClInclude Include="resource.h">
      <Filter>头文件</Filter>
    </ClInclude>
  </ItemGroup>
  <ItemGroup>
    <ResourceCompile Include="virus.rc">
      <Filter>资源文件</Filter>
    </ResourceCompile>
  </ItemGroup>
  <ItemGroup>
    <Image Include="virus.ico">
      <Filter>资源文件</Filter>
    </Image>
    <Image Include="doc\7ffe_callback.png">
      <Filter>资源文件</Filter>
    </Image>
    <Image Include="doc\7ffe_file.png">
      <Filter>资源文件</Filter>
    </Image>
    <Image Include="doc\7ffe_filter.png">
      <Filter>资源文件</Filter>
    </Image>
    <Image Include="doc\7ffe_module.png">
      <Filter>资源文件</Filter>
    </Image>
    <Image Include="doc\anyun_dpc.png">
      <Filter>资源文件</Filter>
    </Image>
    <Image Include="doc\hqb_callback.png">
      <Filter>资源文件</Filter>
    </Image>
    <Image Include="doc\hqb_file.png">
      <Filter>资源文件</Filter>
    </Image>
    <Image Include="doc\hqb_filter.png">
      <Filter>资源文件</Filter>
    </Image>
    <Image Include="doc\hqb_inline_hook.png">
      <Filter>资源文件</Filter>
    </Image>
    <Image Include="doc\hqb_module.png">
      <Filter>资源文件</Filter>
    </Image>
    <Image Include="doc\MpK_callback.png">
      <Filter>资源文件</Filter>
    </Image>
    <Image Include="doc\MpK_filter.png">
      <Filter>资源文件</Filter>
    </Image>
    <Image Include="doc\MpK_module.png">
      <Filter>资源文件</Filter>
    </Image>
    <Image Include="doc\netgjo_callback.png">
      <Filter>资源文件</Filter>
    </Image>
    <Image Include="doc\netgjo_file.png">
      <Filter>资源文件</Filter>
    </Image>
    <Image Include="doc\netgjo_filter.png">
      <Filter>资源文件</Filter>
    </Image>
    <Image Include="doc\netgjo_module.png">
      <Filter>资源文件</Filter>
    </Image>
    <Image Include="doc\tqkq_callback.png">
      <Filter>资源文件</Filter>
    </Image>
    <Image Include="doc\tqkq_file.png">
      <Filter>资源文件</Filter>
    </Image>
    <Image Include="doc\tqkq_filter.png">
      <Filter>资源文件</Filter>
    </Image>
    <Image Include="doc\tqkq_module.png">
      <Filter>资源文件</Filter>
    </Image>
    <Image Include="doc\vbr_hook.png">
      <Filter>资源文件</Filter>
    </Image>
    <Image Include="doc\vbr_module.png">
      <Filter>资源文件</Filter>
    </Image>
  </ItemGroup>
  <ItemGroup>
    <ClCompile Include="virus.cpp">
      <Filter>源文件</Filter>
    </ClCompile>
    <ClCompile Include="..\core\md5.c">
      <Filter>源文件</Filter>
    </ClCompile>
    <ClCompile Include="..\core\tinyargs.c">
      <Filter>源文件</Filter>
    </ClCompile>
    <ClCompile Include="..\core\tinykv.c">
      <Filter>源文件</Filter>
    </ClCompile>
    <ClCompile Include="..\core\tinylist.c">
      <Filter>源文件</Filter>
    </ClCompile>
    <ClCompile Include="..\core\tinylog.c">
      <Filter>源文件</Filter>
    </ClCompile>
    <ClCompile Include="..\core\tinystr.c">
      <Filter>源文件</Filter>
    </ClCompile>
    <ClCompile Include="..\core\tinyxml.c">
      <Filter>源文件</Filter>
    </ClCompile>
    <ClCompile Include="virus_step.cpp">
      <Filter>源文件</Filter>
    </ClCompile>
  </ItemGroup>
  <ItemGroup>
    <Xml Include="virus_config.xml">
      <Filter>资源文件</Filter>
    </Xml>
  </ItemGroup>
  <ItemGroup>
    <None Include="sample\anyun2mbr.bin">
      <Filter>资源文件</Filter>
    </None>
    <None Include="sample\yinhunmbr.bin">
      <Filter>资源文件</Filter>
    </None>
    <None Include="sample\yinhunmbr2.bin">
      <Filter>资源文件</Filter>
    </None>
    <None Include="sample\7ffecbfb.sys">
      <Filter>资源文件</Filter>
    </None>
    <None Include="sample\hqbzrnsjo.sys">
      <Filter>资源文件</Filter>
    </None>
    <None Include="sample\infect_x64.dll">
      <Filter>资源文件</Filter>
    </None>
    <None Include="sample\infect_x64_win10.dll">
      <Filter>资源文件</Filter>
    </None>
    <None Include="sample\infect_x86.dll">
      <Filter>资源文件</Filter>
    </None>
    <None Include="sample\infect_x86_win10.dll">
      <Filter>资源文件</Filter>
    </None>
    <None Include="sample\Loader.exe">
      <Filter>资源文件</Filter>
    </None>
    <None Include="doc\markdown.css">
      <Filter>资源文件</Filter>
    </None>
    <None Include="sample\MpKslIrtn.reg">
      <Filter>资源文件</Filter>
    </None>
    <None Include="sample\MpKslKnbZi.dll">
      <Filter>资源文件</Filter>
    </None>
    <None Include="sample\netgjo.sys">
      <Filter>资源文件</Filter>
    </None>
    <None Include="sample\PCHunter32.exe">
      <Filter>资源文件</Filter>
    </None>
    <None Include="sample\PCHunter64.exe">
      <Filter>资源文件</Filter>
    </None>
    <None Include="sample\tqkqjm.sys">
      <Filter>资源文件</Filter>
    </None>
    <None Include="doc\virus_help_doc.html">
      <Filter>资源文件</Filter>
    </None>
    <None Include="sample\virus_sample(密码123).zip">
      <Filter>资源文件</Filter>
    </None>
  </ItemGroup>
</Project>